<?xml version="1.0" encoding="utf-8"?>
<Project ToolsVersion="4.0" xmlns="http://schemas.microsoft.com/developer/msbuild/2003">
  <ItemGroup>
    <Filter Include="Source Files">
      <UniqueIdentifier>{13247531-fd95-4ed8-bf6e-90e159b117df}</UniqueIdentifier>
    </Filter>
    <Filter Include="Source Files\Internet">
      <UniqueIdentifier>{dd526a67-c06d-4a49-b75f-d977c410ca18}</UniqueIdentifier>
    </Filter>
    <Filter Include="Header Files">
      <UniqueIdentifier>{93995380-89BD-4b04-88EB-625FBE52EBFB}</UniqueIdentifier>
      <Extensions>h;hpp;hxx;hm;inl;inc;xsd</Extensions>
    </Filter>
    <Filter Include="Resource Files">
      <UniqueIdentifier>{67DA6AB6-F800-4c08-8B7A-83BB121AAD01}</UniqueIdentifier>
      <Extensions>rc;ico;cur;bmp;dlg;rc2;rct;bin;rgs;gif;jpg;jpeg;jpe;resx;tiff;tif;png;wav</Extensions>
    </Filter>
  </ItemGroup>
  <ItemGroup>
    <ClInclude Include="CompileConfig.h">
      <Filter>Source Files</Filter>
    </ClInclude>
    <ClInclude Include="mrayNet.h">
      <Filter>Source Files</Filter>
    </ClInclude>
    <ClInclude Include="win32NetInterface.h">
      <Filter>Source Files</Filter>
    </ClInclude>
    <ClInclude Include="Win32Network.h">
      <Filter>Source Files</Filter>
    </ClInclude>
    <ClInclude Include="Win32Socket.h">
      <Filter>Source Files</Filter>
    </ClInclude>
    <ClInclude Include="Win32TCPSocket.h">
      <Filter>Source Files</Filter>
    </ClInclude>
    <ClInclude Include="Win32UDPClient.h">
      <Filter>Source Files</Filter>
    </ClInclude>
    <ClInclude Include="Win32WebRequest.h">
      <Filter>Source Files\Internet</Filter>
    </ClInclude>
    <ClInclude Include="Win32WebStream.h">
      <Filter>Source Files\Internet</Filter>
    </ClInclude>
    <ClInclude Include="stdafx.h">
      <Filter>Header Files</Filter>
    </ClInclude>
  </ItemGroup>
  <ItemGroup>
    <ClCompile Include="win32NetInterface.cpp">
      <Filter>Source Files</Filter>
    </ClCompile>
    <ClCompile Include="Win32Network.cpp">
      <Filter>Source Files</Filter>
    </ClCompile>
    <ClCompile Include="Win32Socket.cpp">
      <Filter>Source Files</Filter>
    </ClCompile>
    <ClCompile Include="Win32TCPSocket.cpp">
      <Filter>Source Files</Filter>
    </ClCompile>
    <ClCompile Include="Win32UDPClient.cpp">
      <Filter>Source Files</Filter>
    </ClCompile>
    <ClCompile Include="Win32WebRequest.cpp">
      <Filter>Source Files\Internet</Filter>
    </ClCompile>
    <ClCompile Include="Win32WebStream.cpp">
      <Filter>Source Files\Internet</Filter>
    </ClCompile>
    <ClCompile Include="stdafx.cpp">
      <Filter>Header Files</Filter>
    </ClCompile>
  </ItemGroup>
  <ItemGroup>
    <None Include="Notes.txt" />
  </ItemGroup>
</Project>