<?xml version="1.0" encoding="utf-8"?>
<Project ToolsVersion="4.0" xmlns="http://schemas.microsoft.com/developer/msbuild/2003">
  <ItemGroup>
    <Filter Include="Source Files">
      <UniqueIdentifier>{4FC737F1-C7A5-4376-A066-2A32D752A2FF}</UniqueIdentifier>
      <Extensions>cpp;c;cc;cxx;def;odl;idl;hpj;bat;asm;asmx</Extensions>
    </Filter>
    <Filter Include="Header Files">
      <UniqueIdentifier>{93995380-89BD-4b04-88EB-625FBE52EBFB}</UniqueIdentifier>
      <Extensions>h;hpp;hxx;hm;inl;inc;xsd</Extensions>
    </Filter>
    <Filter Include="Resource Files">
      <UniqueIdentifier>{67DA6AB6-F800-4c08-8B7A-83BB121AAD01}</UniqueIdentifier>
      <Extensions>rc;ico;cur;bmp;dlg;rc2;rct;bin;rgs;gif;jpg;jpeg;jpe;resx;tiff;tif;png;wav</Extensions>
    </Filter>
    <Filter Include="Nodes">
      <UniqueIdentifier>{f69869ec-132a-4faa-9a81-8d985058996f}</UniqueIdentifier>
    </Filter>
  </ItemGroup>
  <ItemGroup>
    <ClCompile Include="ExporterParams.cpp">
      <Filter>Source Files</Filter>
    </ClCompile>
    <ClCompile Include="IComponentData.cpp">
      <Filter>Source Files</Filter>
    </ClCompile>
    <ClCompile Include="MayaAnimationTrack.cpp">
      <Filter>Source Files</Filter>
    </ClCompile>
    <ClCompile Include="MayaCamera.cpp">
      <Filter>Source Files</Filter>
    </ClCompile>
    <ClCompile Include="MayaExporter.cpp">
      <Filter>Source Files</Filter>
    </ClCompile>
    <ClCompile Include="MayaMaterial.cpp">
      <Filter>Source Files</Filter>
    </ClCompile>
    <ClCompile Include="MayaMaterialSet.cpp">
      <Filter>Source Files</Filter>
    </ClCompile>
    <ClCompile Include="MayaMesh.cpp">
      <Filter>Source Files</Filter>
    </ClCompile>
    <ClCompile Include="MayaNode.cpp">
      <Filter>Source Files</Filter>
    </ClCompile>
    <ClCompile Include="MayaSkeleton.cpp">
      <Filter>Source Files</Filter>
    </ClCompile>
    <ClCompile Include="MayaSubmesh.cpp">
      <Filter>Source Files</Filter>
    </ClCompile>
    <ClCompile Include="NodeTypeMap.cpp">
      <Filter>Source Files</Filter>
    </ClCompile>
    <ClCompile Include="stdafx.cpp">
      <Filter>Source Files</Filter>
    </ClCompile>
  </ItemGroup>
  <ItemGroup>
    <ClInclude Include="ExporterParams.h">
      <Filter>Source Files</Filter>
    </ClInclude>
    <ClInclude Include="IComponentData.h">
      <Filter>Source Files</Filter>
    </ClInclude>
    <ClInclude Include="MayaAnimationTrack.h">
      <Filter>Source Files</Filter>
    </ClInclude>
    <ClInclude Include="MayaCamera.h">
      <Filter>Source Files</Filter>
    </ClInclude>
    <ClInclude Include="MayaExporter.h">
      <Filter>Source Files</Filter>
    </ClInclude>
    <ClInclude Include="MayaMaterial.h">
      <Filter>Source Files</Filter>
    </ClInclude>
    <ClInclude Include="MayaMaterialSet.h">
      <Filter>Source Files</Filter>
    </ClInclude>
    <ClInclude Include="MayaMesh.h">
      <Filter>Source Files</Filter>
    </ClInclude>
    <ClInclude Include="MayaNode.h">
      <Filter>Source Files</Filter>
    </ClInclude>
    <ClInclude Include="MayaSkeleton.h">
      <Filter>Source Files</Filter>
    </ClInclude>
    <ClInclude Include="MayaSubmesh.h">
      <Filter>Source Files</Filter>
    </ClInclude>
    <ClInclude Include="MayaVertex.h">
      <Filter>Source Files</Filter>
    </ClInclude>
    <ClInclude Include="NodeTypeMap.h">
      <Filter>Source Files</Filter>
    </ClInclude>
    <ClInclude Include="stdafx.h">
      <Filter>Header Files</Filter>
    </ClInclude>
    <ClInclude Include="MRAYMayaNode.h">
      <Filter>Nodes</Filter>
    </ClInclude>
  </ItemGroup>
  <ItemGroup>
    <None Include="AEMRAYNodeTemplate.mel">
      <Filter>Nodes</Filter>
    </None>
    <None Include="ReadMe.txt" />
  </ItemGroup>
</Project>