<?xml version="1.0" encoding="utf-8"?>
<Project ToolsVersion="4.0" xmlns="http://schemas.microsoft.com/developer/msbuild/2003">
  <ItemGroup>
    <Filter Include="Source Files">
      <UniqueIdentifier>{4FC737F1-C7A5-4376-A066-2A32D752A2FF}</UniqueIdentifier>
      <Extensions>cpp;c;cc;cxx;def;odl;idl;hpj;bat;asm;asmx</Extensions>
    </Filter>
    <Filter Include="Source Files\GameActions">
      <UniqueIdentifier>{1cbf25ff-2b2d-4a49-b256-5b2498efb619}</UniqueIdentifier>
    </Filter>
    <Filter Include="Source Files\Physics">
      <UniqueIdentifier>{bfa656ac-8e12-400d-b684-aed153131bd8}</UniqueIdentifier>
    </Filter>
    <Filter Include="Source Files\Debug">
      <UniqueIdentifier>{87331c21-7c72-4a28-a3cf-ab2e4909e2c6}</UniqueIdentifier>
    </Filter>
    <Filter Include="Source Files\parser">
      <UniqueIdentifier>{5b2ef5da-51d5-400f-9fa1-2718e5a6c24a}</UniqueIdentifier>
    </Filter>
    <Filter Include="Source Files\Elements">
      <UniqueIdentifier>{b505e7db-2f3e-41e2-9086-e17c06daa9a7}</UniqueIdentifier>
    </Filter>
    <Filter Include="Source Files\Components">
      <UniqueIdentifier>{cc6a9016-f271-4ce5-993b-c399e165b728}</UniqueIdentifier>
    </Filter>
    <Filter Include="Source Files\Components\PrimitiveModels">
      <UniqueIdentifier>{fd88559a-5e12-4cf5-9292-34e673fde0c7}</UniqueIdentifier>
    </Filter>
    <Filter Include="Source Files\Visitors">
      <UniqueIdentifier>{e9409f88-e1ff-4381-b8bd-269a6fd2019c}</UniqueIdentifier>
    </Filter>
    <Filter Include="Header Files">
      <UniqueIdentifier>{93995380-89BD-4b04-88EB-625FBE52EBFB}</UniqueIdentifier>
      <Extensions>h;hpp;hxx;hm;inl;inc;xsd</Extensions>
    </Filter>
    <Filter Include="Resource Files">
      <UniqueIdentifier>{67DA6AB6-F800-4c08-8B7A-83BB121AAD01}</UniqueIdentifier>
      <Extensions>rc;ico;cur;bmp;dlg;rc2;rct;bin;rgs;gif;jpg;jpeg;jpe;resx;tiff;tif;png;wav</Extensions>
    </Filter>
    <Filter Include="Source Files\Ghost Proxy">
      <UniqueIdentifier>{0b070268-900e-49d6-affb-f23f8bf77170}</UniqueIdentifier>
    </Filter>
    <Filter Include="Source Files\Components\GhostInterfaces">
      <UniqueIdentifier>{a297933e-7b10-4218-874a-687e8a2b5028}</UniqueIdentifier>
    </Filter>
    <Filter Include="Source Files\GUI">
      <UniqueIdentifier>{c001eb59-cd34-470c-8b56-205ab6de2d97}</UniqueIdentifier>
    </Filter>
    <Filter Include="Source Files\Components\Rendering">
      <UniqueIdentifier>{5049129d-2729-44c0-b7c3-daa577a39d6d}</UniqueIdentifier>
    </Filter>
  </ItemGroup>
  <ItemGroup>
    <ClInclude Include="CompileConfig.h">
      <Filter>Source Files</Filter>
    </ClInclude>
    <ClInclude Include="DayTimeAttributes.h">
      <Filter>Source Files</Filter>
    </ClInclude>
    <ClInclude Include="GameComponentCreator.h">
      <Filter>Source Files</Filter>
    </ClInclude>
    <ClInclude Include="GameEntity.h">
      <Filter>Source Files</Filter>
    </ClInclude>
    <ClInclude Include="GameEntityManager.h">
      <Filter>Source Files</Filter>
    </ClInclude>
    <ClInclude Include="GameEnvironment.h">
      <Filter>Source Files</Filter>
    </ClInclude>
    <ClInclude Include="GameGlobals.h">
      <Filter>Source Files</Filter>
    </ClInclude>
    <ClInclude Include="GameLevel.h">
      <Filter>Source Files</Filter>
    </ClInclude>
    <ClInclude Include="GameLevelManager.h">
      <Filter>Source Files</Filter>
    </ClInclude>
    <ClInclude Include="IGameAction.h">
      <Filter>Source Files</Filter>
    </ClInclude>
    <ClInclude Include="IGameActionCreator.h">
      <Filter>Source Files</Filter>
    </ClInclude>
    <ClInclude Include="IGameComponent.h">
      <Filter>Source Files</Filter>
    </ClInclude>
    <ClInclude Include="IGameComponentFactory.h">
      <Filter>Source Files</Filter>
    </ClInclude>
    <ClInclude Include="IGameLevelAction.h">
      <Filter>Source Files</Filter>
    </ClInclude>
    <ClInclude Include="IPhysicsControl.h">
      <Filter>Source Files</Filter>
    </ClInclude>
    <ClInclude Include="Sun.h">
      <Filter>Source Files</Filter>
    </ClInclude>
    <ClInclude Include="AIBasedPhysicControl.h">
      <Filter>Source Files\Physics</Filter>
    </ClInclude>
    <ClInclude Include="AtmosphericCubeMap.h">
      <Filter>Source Files\Elements</Filter>
    </ClInclude>
    <ClInclude Include="AtmosphericCubeMapBuilder.h">
      <Filter>Source Files\Elements</Filter>
    </ClInclude>
    <ClInclude Include="AIComponent.h">
      <Filter>Source Files\Components</Filter>
    </ClInclude>
    <ClInclude Include="ClothComponent.h">
      <Filter>Source Files\Components</Filter>
    </ClInclude>
    <ClInclude Include="ICollisionComponent.h">
      <Filter>Source Files\Components</Filter>
    </ClInclude>
    <ClInclude Include="IModelComponent.h">
      <Filter>Source Files\Components</Filter>
    </ClInclude>
    <ClInclude Include="IPhysicalJointComponent.h">
      <Filter>Source Files\Components</Filter>
    </ClInclude>
    <ClInclude Include="IPrimitiveModelComponent.h">
      <Filter>Source Files\Components</Filter>
    </ClInclude>
    <ClInclude Include="ModelCollisionComponent.h">
      <Filter>Source Files\Components</Filter>
    </ClInclude>
    <ClInclude Include="ModelComponent.h">
      <Filter>Source Files\Components</Filter>
    </ClInclude>
    <ClInclude Include="PhysicalJointDOF6Component.h">
      <Filter>Source Files\Components</Filter>
    </ClInclude>
    <ClInclude Include="PhysicalJointFixedComponent.h">
      <Filter>Source Files\Components</Filter>
    </ClInclude>
    <ClInclude Include="PhysicsComponent.h">
      <Filter>Source Files\Components</Filter>
    </ClInclude>
    <ClInclude Include="PrimitiveCollisionComponent.h">
      <Filter>Source Files\Components</Filter>
    </ClInclude>
    <ClInclude Include="SceneComponent.h">
      <Filter>Source Files\Components</Filter>
    </ClInclude>
    <ClInclude Include="ScriptComponent.h">
      <Filter>Source Files\Components</Filter>
    </ClInclude>
    <ClInclude Include="SoundComponent.h">
      <Filter>Source Files\Components</Filter>
    </ClInclude>
    <ClInclude Include="VehicleGameComponent.h">
      <Filter>Source Files\Components</Filter>
    </ClInclude>
    <ClInclude Include="VehicleWheelComponent.h">
      <Filter>Source Files\Components</Filter>
    </ClInclude>
    <ClInclude Include="SphereModelComponent.h">
      <Filter>Source Files\Components\PrimitiveModels</Filter>
    </ClInclude>
    <ClInclude Include="IGameVisitor.h">
      <Filter>Source Files\Visitors</Filter>
    </ClInclude>
    <ClInclude Include="stdafx.h">
      <Filter>Header Files</Filter>
    </ClInclude>
    <ClInclude Include="PhysicalMaterialComponent.h">
      <Filter>Source Files\Components</Filter>
    </ClInclude>
    <ClInclude Include="GhostProxyManager.h">
      <Filter>Source Files\Ghost Proxy</Filter>
    </ClInclude>
    <ClInclude Include="IGhostInterface.h">
      <Filter>Source Files\Ghost Proxy</Filter>
    </ClInclude>
    <ClInclude Include="SceneComponentGI.h">
      <Filter>Source Files\Components\GhostInterfaces</Filter>
    </ClInclude>
    <ClInclude Include="GameComponentGI.h">
      <Filter>Source Files\Components\GhostInterfaces</Filter>
    </ClInclude>
    <ClInclude Include="KinematicJointDOF6Component.h">
      <Filter>Source Files\Components</Filter>
    </ClInclude>
    <ClInclude Include="IPhysical6DOFJointComponent.h">
      <Filter>Source Files\Components</Filter>
    </ClInclude>
    <ClInclude Include="HierarchyComponent.h">
      <Filter>Source Files\Components</Filter>
    </ClInclude>
    <ClInclude Include="BoneComponent.h">
      <Filter>Source Files\Components</Filter>
    </ClInclude>
    <ClInclude Include="IMovableComponent.h">
      <Filter>Source Files\Components</Filter>
    </ClInclude>
    <ClInclude Include="IPhysicsComponent.h">
      <Filter>Source Files\Components</Filter>
    </ClInclude>
    <ClInclude Include="NullPhysicsComponent.h">
      <Filter>Source Files\Components</Filter>
    </ClInclude>
    <ClInclude Include="LineRendererComponent.h">
      <Filter>Source Files\Components\Rendering</Filter>
    </ClInclude>
    <ClInclude Include="SkyBoxComponent.h">
      <Filter>Source Files\Components</Filter>
    </ClInclude>
  </ItemGroup>
  <ItemGroup>
    <ClCompile Include="GameComponentCreator.cpp">
      <Filter>Source Files</Filter>
    </ClCompile>
    <ClCompile Include="GameEntity.cpp">
      <Filter>Source Files</Filter>
    </ClCompile>
    <ClCompile Include="GameEntityManager.cpp">
      <Filter>Source Files</Filter>
    </ClCompile>
    <ClCompile Include="GameEnvironment.cpp">
      <Filter>Source Files</Filter>
    </ClCompile>
    <ClCompile Include="GameGlobals.cpp">
      <Filter>Source Files</Filter>
    </ClCompile>
    <ClCompile Include="GameLevel.cpp">
      <Filter>Source Files</Filter>
    </ClCompile>
    <ClCompile Include="GameLevelManager.cpp">
      <Filter>Source Files</Filter>
    </ClCompile>
    <ClCompile Include="IGameAction.cpp">
      <Filter>Source Files</Filter>
    </ClCompile>
    <ClCompile Include="IGameComponent.cpp">
      <Filter>Source Files</Filter>
    </ClCompile>
    <ClCompile Include="RTTI_OBJECTS.cpp">
      <Filter>Source Files</Filter>
    </ClCompile>
    <ClCompile Include="Sun.cpp">
      <Filter>Source Files</Filter>
    </ClCompile>
    <ClCompile Include="AIBasedPhysicControl.cpp">
      <Filter>Source Files\Physics</Filter>
    </ClCompile>
    <ClCompile Include="AtmosphericCubeMap.cpp">
      <Filter>Source Files\Elements</Filter>
    </ClCompile>
    <ClCompile Include="AtmosphericCubeMapBuilder.cpp">
      <Filter>Source Files\Elements</Filter>
    </ClCompile>
    <ClCompile Include="ClothComponent.cpp">
      <Filter>Source Files\Components</Filter>
    </ClCompile>
    <ClCompile Include="ICollisionComponent.cpp">
      <Filter>Source Files\Components</Filter>
    </ClCompile>
    <ClCompile Include="IPhysicalJointComponent.cpp">
      <Filter>Source Files\Components</Filter>
    </ClCompile>
    <ClCompile Include="IPrimitiveModelComponent.cpp">
      <Filter>Source Files\Components</Filter>
    </ClCompile>
    <ClCompile Include="ModelCollisionComponent.cpp">
      <Filter>Source Files\Components</Filter>
    </ClCompile>
    <ClCompile Include="ModelComponent.cpp">
      <Filter>Source Files\Components</Filter>
    </ClCompile>
    <ClCompile Include="PhysicalJointDOF6Component.cpp">
      <Filter>Source Files\Components</Filter>
    </ClCompile>
    <ClCompile Include="PhysicalJointFixedComponent.cpp">
      <Filter>Source Files\Components</Filter>
    </ClCompile>
    <ClCompile Include="PhysicsComponent.cpp">
      <Filter>Source Files\Components</Filter>
    </ClCompile>
    <ClCompile Include="PrimitiveCollisionComponent.cpp">
      <Filter>Source Files\Components</Filter>
    </ClCompile>
    <ClCompile Include="SceneComponent.cpp">
      <Filter>Source Files\Components</Filter>
    </ClCompile>
    <ClCompile Include="VehicleGameComponent.cpp">
      <Filter>Source Files\Components</Filter>
    </ClCompile>
    <ClCompile Include="VehicleWheelComponent.cpp">
      <Filter>Source Files\Components</Filter>
    </ClCompile>
    <ClCompile Include="SphereModelComponent.cpp">
      <Filter>Source Files\Components\PrimitiveModels</Filter>
    </ClCompile>
    <ClCompile Include="stdafx.cpp">
      <Filter>Header Files</Filter>
    </ClCompile>
    <ClCompile Include="PhysicalMaterialComponent.cpp">
      <Filter>Source Files\Components</Filter>
    </ClCompile>
    <ClCompile Include="GhostProxyManager.cpp">
      <Filter>Source Files\Ghost Proxy</Filter>
    </ClCompile>
    <ClCompile Include="SceneComponentGI.cpp">
      <Filter>Source Files\Components\GhostInterfaces</Filter>
    </ClCompile>
    <ClCompile Include="IGhostInterface.cpp">
      <Filter>Source Files\Components</Filter>
    </ClCompile>
    <ClCompile Include="GameComponentGI.cpp">
      <Filter>Source Files\Components\GhostInterfaces</Filter>
    </ClCompile>
    <ClCompile Include="KinematicJointDOF6Component.cpp">
      <Filter>Source Files\Components</Filter>
    </ClCompile>
    <ClCompile Include="HierarchyComponent.cpp">
      <Filter>Source Files\Components</Filter>
    </ClCompile>
    <ClCompile Include="BoneComponent.cpp">
      <Filter>Source Files\Components</Filter>
    </ClCompile>
    <ClCompile Include="IPhysicsComponent.cpp">
      <Filter>Source Files\Components</Filter>
    </ClCompile>
    <ClCompile Include="NullPhysicsComponent.cpp">
      <Filter>Source Files\Components</Filter>
    </ClCompile>
    <ClCompile Include="LineRendererComponent.cpp">
      <Filter>Source Files\Components\Rendering</Filter>
    </ClCompile>
    <ClCompile Include="SkyBoxComponent.cpp">
      <Filter>Source Files\Components</Filter>
    </ClCompile>
  </ItemGroup>
</Project>