<?xml version="1.0" encoding="utf-8"?>
<Project ToolsVersion="4.0" xmlns="http://schemas.microsoft.com/developer/msbuild/2003">
  <ItemGroup>
    <Filter Include="Source Files">
      <UniqueIdentifier>{4FC737F1-C7A5-4376-A066-2A32D752A2FF}</UniqueIdentifier>
      <Extensions>cpp;c;cc;cxx;def;odl;idl;hpj;bat;asm;asmx</Extensions>
    </Filter>
    <Filter Include="Header Files">
      <UniqueIdentifier>{93995380-89BD-4b04-88EB-625FBE52EBFB}</UniqueIdentifier>
      <Extensions>h;hpp;hxx;hm;inl;inc;xsd</Extensions>
    </Filter>
    <Filter Include="Resource Files">
      <UniqueIdentifier>{67DA6AB6-F800-4c08-8B7A-83BB121AAD01}</UniqueIdentifier>
      <Extensions>rc;ico;cur;bmp;dlg;rc2;rct;bin;rgs;gif;jpg;jpeg;jpe;resx;tiff;tif;png;wav</Extensions>
    </Filter>
    <Filter Include="GUI">
      <UniqueIdentifier>{133f70b7-3d32-42f0-b5c8-30c4c574eda5}</UniqueIdentifier>
    </Filter>
  </ItemGroup>
  <ItemGroup>
    <ClCompile Include="MyApp.cpp">
      <Filter>Source Files</Filter>
    </ClCompile>
    <ClCompile Include="MyFrame.cpp">
      <Filter>Source Files</Filter>
    </ClCompile>
    <ClCompile Include="stdafx.cpp">
      <Filter>Source Files</Filter>
    </ClCompile>
    <ClCompile Include="wxTest.cpp">
      <Filter>Source Files</Filter>
    </ClCompile>
    <ClCompile Include="wxBasedMainForm.cpp">
      <Filter>GUI</Filter>
    </ClCompile>
    <ClCompile Include="wxBasedMyDialog1.cpp">
      <Filter>GUI</Filter>
    </ClCompile>
    <ClCompile Include="wxEngineEditor.cpp">
      <Filter>GUI</Filter>
    </ClCompile>
    <ClCompile Include="wxRenderWindow.cpp">
      <Filter>GUI</Filter>
    </ClCompile>
    <ClCompile Include="MyRenderWindow.cpp">
      <Filter>Source Files</Filter>
    </ClCompile>
    <ClCompile Include="ModelRenderWindow.cpp">
      <Filter>Source Files</Filter>
    </ClCompile>
    <ClCompile Include="wxMRAYPropGrid.cpp">
      <Filter>GUI</Filter>
    </ClCompile>
    <ClCompile Include="GameRenderWindow.cpp">
      <Filter>Source Files</Filter>
    </ClCompile>
  </ItemGroup>
  <ItemGroup>
    <ClInclude Include="MyApp.h">
      <Filter>Source Files</Filter>
    </ClInclude>
    <ClInclude Include="MyFrame.h">
      <Filter>Source Files</Filter>
    </ClInclude>
    <ClInclude Include="stdafx.h">
      <Filter>Header Files</Filter>
    </ClInclude>
    <ClInclude Include="targetver.h">
      <Filter>Header Files</Filter>
    </ClInclude>
    <ClInclude Include="resource.h">
      <Filter>Header Files</Filter>
    </ClInclude>
    <ClInclude Include="wxBasedMainForm.h">
      <Filter>GUI</Filter>
    </ClInclude>
    <ClInclude Include="wxBasedMyDialog1.h">
      <Filter>GUI</Filter>
    </ClInclude>
    <ClInclude Include="wxEngineEditor.h">
      <Filter>GUI</Filter>
    </ClInclude>
    <ClInclude Include="wxRenderWindow.h">
      <Filter>GUI</Filter>
    </ClInclude>
    <ClInclude Include="MyRenderWindow.h">
      <Filter>Source Files</Filter>
    </ClInclude>
    <ClInclude Include="ModelRenderWindow.h">
      <Filter>Source Files</Filter>
    </ClInclude>
    <ClInclude Include="wxMRAYPropGrid.h">
      <Filter>GUI</Filter>
    </ClInclude>
    <ClInclude Include="GameRenderWindow.h">
      <Filter>Source Files</Filter>
    </ClInclude>
  </ItemGroup>
  <ItemGroup>
    <None Include="ReadMe.txt" />
    <None Include="wxEngineV1.fbp">
      <Filter>GUI</Filter>
    </None>
    <None Include="icons\new.png">
      <Filter>Resource Files</Filter>
    </None>
    <None Include="bitmap1.bmp">
      <Filter>Resource Files</Filter>
    </None>
  </ItemGroup>
  <ItemGroup>
    <ResourceCompile Include="wxTest.rc">
      <Filter>Resource Files</Filter>
    </ResourceCompile>
  </ItemGroup>
</Project>