<?xml version="1.0" encoding="utf-8"?>
<Project ToolsVersion="4.0" xmlns="http://schemas.microsoft.com/developer/msbuild/2003">
  <ItemGroup>
    <Filter Include="Source Files">
      <UniqueIdentifier>{4FC737F1-C7A5-4376-A066-2A32D752A2FF}</UniqueIdentifier>
      <Extensions>cpp;c;cc;cxx;def;odl;idl;hpj;bat;asm;asmx</Extensions>
    </Filter>
    <Filter Include="Header Files">
      <UniqueIdentifier>{93995380-89BD-4b04-88EB-625FBE52EBFB}</UniqueIdentifier>
      <Extensions>h;hh;hpp;hxx;hm;inl;inc;xsd</Extensions>
    </Filter>
    <Filter Include="Resource Files">
      <UniqueIdentifier>{67DA6AB6-F800-4c08-8B7A-83BB121AAD01}</UniqueIdentifier>
      <Extensions>rc;ico;cur;bmp;dlg;rc2;rct;bin;rgs;gif;jpg;jpeg;jpe;resx;tiff;tif;png;wav;mfcribbon-ms</Extensions>
    </Filter>
    <Filter Include="Source Files\Shared">
      <UniqueIdentifier>{71dcda26-04f0-4964-8080-0fbf28d8f953}</UniqueIdentifier>
    </Filter>
    <Filter Include="Source Files\States">
      <UniqueIdentifier>{da3ee965-f4b0-409c-9fe6-413a55eae550}</UniqueIdentifier>
    </Filter>
    <Filter Include="Source Files\GUI">
      <UniqueIdentifier>{5e9987e2-7349-458a-9932-71faec50841a}</UniqueIdentifier>
    </Filter>
    <Filter Include="Source Files\GUI\Elements">
      <UniqueIdentifier>{0e1f6985-3710-450c-b659-1daf7f3711fe}</UniqueIdentifier>
    </Filter>
    <Filter Include="Source Files\core">
      <UniqueIdentifier>{a616cd0f-f005-4354-88b1-3991753239ba}</UniqueIdentifier>
    </Filter>
    <Filter Include="Source Files\DataSource">
      <UniqueIdentifier>{cf6b27b6-46e9-41bf-a7a7-0fd532cfdc4d}</UniqueIdentifier>
    </Filter>
    <Filter Include="Source Files\GameComponents">
      <UniqueIdentifier>{4c43cddc-f6c2-4cd7-b866-154aff95dc66}</UniqueIdentifier>
    </Filter>
    <Filter Include="Source Files\GameComponents\Visualize">
      <UniqueIdentifier>{93e83a2e-964d-4e82-b2fb-8b93e1f83dad}</UniqueIdentifier>
    </Filter>
    <Filter Include="Source Files\Effects">
      <UniqueIdentifier>{ec837f77-8170-4a90-92ba-99c64e59ebd1}</UniqueIdentifier>
    </Filter>
    <Filter Include="Source Files\Hands">
      <UniqueIdentifier>{f6e3314d-2343-4d4d-bda0-c275391f6e7e}</UniqueIdentifier>
    </Filter>
    <Filter Include="Source Files\Leap">
      <UniqueIdentifier>{6168697b-048b-4035-8773-1924e26e613c}</UniqueIdentifier>
    </Filter>
    <Filter Include="Source Files\Controllers">
      <UniqueIdentifier>{b6ecb1f5-52ed-4e2d-b4c1-a3f189cd4a7d}</UniqueIdentifier>
    </Filter>
  </ItemGroup>
  <ItemGroup>
    <Text Include="ReadMe.txt" />
  </ItemGroup>
  <ItemGroup>
    <ClInclude Include="stdafx.h">
      <Filter>Header Files</Filter>
    </ClInclude>
    <ClInclude Include="targetver.h">
      <Filter>Header Files</Filter>
    </ClInclude>
    <ClInclude Include="Application.h">
      <Filter>Source Files</Filter>
    </ClInclude>
    <ClInclude Include="AugCameraRenderState.h">
      <Filter>Source Files\States</Filter>
    </ClInclude>
    <ClInclude Include="GUILoginMenu.h">
      <Filter>Source Files\GUI</Filter>
    </ClInclude>
    <ClInclude Include="LoginScreenState.h">
      <Filter>Source Files\States</Filter>
    </ClInclude>
    <ClInclude Include="GUILoadingElement.h">
      <Filter>Source Files\GUI\Elements</Filter>
    </ClInclude>
    <ClInclude Include="ArmsTrajectoryGenerator.h">
      <Filter>Source Files\GameComponents</Filter>
    </ClInclude>
    <ClInclude Include="GloveController5.h">
      <Filter>Source Files\DataSource</Filter>
    </ClInclude>
    <ClInclude Include="HeadCameraComponent.h">
      <Filter>Source Files\GameComponents</Filter>
    </ClInclude>
    <ClInclude Include="ATGameComponents.h">
      <Filter>Source Files\GameComponents</Filter>
    </ClInclude>
    <ClInclude Include="ArmComponent.h">
      <Filter>Source Files\GameComponents</Filter>
    </ClInclude>
    <ClInclude Include="HeadMount.h">
      <Filter>Source Files\GameComponents</Filter>
    </ClInclude>
    <ClInclude Include="IFingerDataProvider.h">
      <Filter>Source Files\DataSource</Filter>
    </ClInclude>
    <ClInclude Include="CompositeBoneComponent.h">
      <Filter>Source Files\GameComponents</Filter>
    </ClInclude>
    <ClInclude Include="GeomDepthState.h">
      <Filter>Source Files\States</Filter>
    </ClInclude>
    <ClInclude Include="FingerTipComponent.h">
      <Filter>Source Files\GameComponents</Filter>
    </ClInclude>
    <ClInclude Include="ArmExtenderComponent.h">
      <Filter>Source Files\GameComponents</Filter>
    </ClInclude>
    <ClInclude Include="PenComponent.h">
      <Filter>Source Files\GameComponents</Filter>
    </ClInclude>
    <ClInclude Include="DepthRequesterComponent.h">
      <Filter>Source Files\GameComponents</Filter>
    </ClInclude>
    <ClInclude Include="DataCommunicator.h">
      <Filter>Source Files\core</Filter>
    </ClInclude>
    <ClInclude Include="SurfaceWrapper.h">
      <Filter>Source Files\core</Filter>
    </ClInclude>
    <ClInclude Include="TriggerObjectComponent.h">
      <Filter>Source Files\GameComponents</Filter>
    </ClInclude>
    <ClInclude Include="RobotSpaceComponent.h">
      <Filter>Source Files\GameComponents</Filter>
    </ClInclude>
    <ClInclude Include="VisItemDescComponent.h">
      <Filter>Source Files\GameComponents\Visualize</Filter>
    </ClInclude>
    <ClInclude Include="GUIRegisterer.h">
      <Filter>Source Files\GUI</Filter>
    </ClInclude>
    <ClInclude Include="GUIConnectingScreenImpl.h">
      <Filter>Source Files\GUI</Filter>
    </ClInclude>
    <ClInclude Include="GUIConnectingScreen.h">
      <Filter>Source Files\GUI</Filter>
    </ClInclude>
    <ClInclude Include="ConnectingState.h">
      <Filter>Source Files\States</Filter>
    </ClInclude>
    <ClInclude Include="GUITypingTextBox.h">
      <Filter>Source Files\GUI\Elements</Filter>
    </ClInclude>
    <ClInclude Include="WaitCheckState.h">
      <Filter>Source Files\States</Filter>
    </ClInclude>
    <ClInclude Include="GUICalibrationItem.h">
      <Filter>Source Files\GUI</Filter>
    </ClInclude>
    <ClInclude Include="GUICalibrationItemLayout.h">
      <Filter>Source Files\GUI</Filter>
    </ClInclude>
    <ClInclude Include="GUIAugTelScreen.h">
      <Filter>Source Files\GUI</Filter>
    </ClInclude>
    <ClInclude Include="GUIAugTelScreenLayout.h">
      <Filter>Source Files\GUI</Filter>
    </ClInclude>
    <ClInclude Include="VTelesarRenderingState.h">
      <Filter>Source Files\States</Filter>
    </ClInclude>
    <ClInclude Include="GUIMotorConnectionPanel.h">
      <Filter>Source Files\GUI\Elements</Filter>
    </ClInclude>
    <ClInclude Include="GUIGraphPlotElement.h">
      <Filter>Source Files\GUI\Elements</Filter>
    </ClInclude>
    <ClInclude Include="VTBaseState.h">
      <Filter>Source Files\States</Filter>
    </ClInclude>
    <ClInclude Include="ATAppGlobal.h">
      <Filter>Source Files\Shared</Filter>
    </ClInclude>
    <ClInclude Include="LatencyTestState.h">
      <Filter>Source Files\States</Filter>
    </ClInclude>
    <ClInclude Include="LocalCameraRenderingState.h">
      <Filter>Source Files\States</Filter>
    </ClInclude>
    <ClInclude Include="ISceneEffect.h">
      <Filter>Source Files\Effects</Filter>
    </ClInclude>
    <ClInclude Include="FadeSceneEffect.h">
      <Filter>Source Files\Effects</Filter>
    </ClInclude>
    <ClInclude Include="SceneEffectManager.h">
      <Filter>Source Files\Effects</Filter>
    </ClInclude>
    <ClInclude Include="RefractionSceneEffect.h">
      <Filter>Source Files\Effects</Filter>
    </ClInclude>
    <ClInclude Include="LoadingScreen.h">
      <Filter>Source Files\Effects</Filter>
    </ClInclude>
    <ClInclude Include="VideoRenderElement.h">
      <Filter>Source Files\GUI</Filter>
    </ClInclude>
    <ClInclude Include="GUILoadingScreenLayout.h">
      <Filter>Source Files\GUI</Filter>
    </ClInclude>
    <ClInclude Include="GUILoadingScreen.h">
      <Filter>Source Files\GUI</Filter>
    </ClInclude>
    <ClInclude Include="RobotViewerState.h">
      <Filter>Source Files\States</Filter>
    </ClInclude>
    <ClInclude Include="IHandsController.h">
      <Filter>Source Files\Hands</Filter>
    </ClInclude>
    <ClInclude Include="AugTelSceneContext.h">
      <Filter>Source Files\Shared</Filter>
    </ClInclude>
    <ClInclude Include="VirtualHandsController.h">
      <Filter>Source Files\Hands</Filter>
    </ClInclude>
    <ClInclude Include="LeapMotionHandsController.h">
      <Filter>Source Files\Hands</Filter>
    </ClInclude>
    <ClInclude Include="GUIInterfaceScreen.h">
      <Filter>Source Files\GUI</Filter>
    </ClInclude>
    <ClInclude Include="GUIInterfaceScreenImpl.h">
      <Filter>Source Files\GUI</Filter>
    </ClInclude>
    <ClInclude Include="LeapMotionController.h">
      <Filter>Source Files\Leap</Filter>
    </ClInclude>
    <ClInclude Include="LeapMotionImageRetrival.h">
      <Filter>Source Files\Leap</Filter>
    </ClInclude>
    <ClInclude Include="LeapFinger.h">
      <Filter>Source Files\Leap</Filter>
    </ClInclude>
    <ClInclude Include="LeapHand.h">
      <Filter>Source Files\Leap</Filter>
    </ClInclude>
    <ClInclude Include="LeapHandController.h">
      <Filter>Source Files\Leap</Filter>
    </ClInclude>
    <ClInclude Include="LeapFunctions.h">
      <Filter>Source Files\Leap</Filter>
    </ClInclude>
    <ClInclude Include="GUILoginMenuImpl.h">
      <Filter>Source Files\GUI</Filter>
    </ClInclude>
    <ClInclude Include="GUINavigationLayout.h">
      <Filter>Source Files\GUI\Elements</Filter>
    </ClInclude>
    <ClInclude Include="GUINavigationElement.h">
      <Filter>Source Files\GUI\Elements</Filter>
    </ClInclude>
    <ClInclude Include="IRobotControlState.h">
      <Filter>Source Files\States</Filter>
    </ClInclude>
    <ClInclude Include="LocalRobotCommunicator.h">
      <Filter>Source Files\Controllers</Filter>
    </ClInclude>
    <ClInclude Include="LeapHandComponent.h">
      <Filter>Source Files\GameComponents</Filter>
    </ClInclude>
    <ClInclude Include="ForwardArrowComponent.h">
      <Filter>Source Files\GameComponents</Filter>
    </ClInclude>
    <ClInclude Include="GUICollisionElement.h">
      <Filter>Source Files\GUI\Elements</Filter>
    </ClInclude>
    <ClInclude Include="GUICollisionLayout.h">
      <Filter>Source Files\GUI\Elements</Filter>
    </ClInclude>
    <ClInclude Include="GUIScenarioElement.h">
      <Filter>Source Files\GUI\Elements</Filter>
    </ClInclude>
  </ItemGroup>
  <ItemGroup>
    <ClCompile Include="stdafx.cpp">
      <Filter>Source Files</Filter>
    </ClCompile>
    <ClCompile Include="AugTel.cpp">
      <Filter>Source Files</Filter>
    </ClCompile>
    <ClCompile Include="Application.cpp">
      <Filter>Source Files</Filter>
    </ClCompile>
    <ClCompile Include="ATAppGlobal.cpp">
      <Filter>Source Files\Shared</Filter>
    </ClCompile>
    <ClCompile Include="AugCameraRenderState.cpp">
      <Filter>Source Files\States</Filter>
    </ClCompile>
    <ClCompile Include="LoginScreenState.cpp">
      <Filter>Source Files\States</Filter>
    </ClCompile>
    <ClCompile Include="GUILoadingElement.cpp">
      <Filter>Source Files\GUI\Elements</Filter>
    </ClCompile>
    <ClCompile Include="ArmsTrajectoryGenerator.cpp">
      <Filter>Source Files\GameComponents</Filter>
    </ClCompile>
    <ClCompile Include="GloveController5.cpp">
      <Filter>Source Files\DataSource</Filter>
    </ClCompile>
    <ClCompile Include="HeadCameraComponent.cpp">
      <Filter>Source Files\GameComponents</Filter>
    </ClCompile>
    <ClCompile Include="ATGameComponents.cpp">
      <Filter>Source Files\GameComponents</Filter>
    </ClCompile>
    <ClCompile Include="ArmComponent.cpp">
      <Filter>Source Files\GameComponents</Filter>
    </ClCompile>
    <ClCompile Include="CompositeBoneComponent.cpp">
      <Filter>Source Files\GameComponents</Filter>
    </ClCompile>
    <ClCompile Include="GeomDepthState.cpp">
      <Filter>Source Files\States</Filter>
    </ClCompile>
    <ClCompile Include="FingerTipComponent.cpp">
      <Filter>Source Files\GameComponents</Filter>
    </ClCompile>
    <ClCompile Include="ArmExtenderComponent.cpp">
      <Filter>Source Files\GameComponents</Filter>
    </ClCompile>
    <ClCompile Include="PenComponent.cpp">
      <Filter>Source Files\GameComponents</Filter>
    </ClCompile>
    <ClCompile Include="DataCommunicator.cpp">
      <Filter>Source Files\core</Filter>
    </ClCompile>
    <ClCompile Include="SurfaceWrapper.cpp">
      <Filter>Source Files\core</Filter>
    </ClCompile>
    <ClCompile Include="TriggerObjectComponent.cpp">
      <Filter>Source Files\GameComponents</Filter>
    </ClCompile>
    <ClCompile Include="RobotSpaceComponent.cpp">
      <Filter>Source Files\GameComponents</Filter>
    </ClCompile>
    <ClCompile Include="VisItemDescComponent.cpp">
      <Filter>Source Files\GameComponents\Visualize</Filter>
    </ClCompile>
    <ClCompile Include="GUIRegisterer.cpp">
      <Filter>Source Files\GUI</Filter>
    </ClCompile>
    <ClCompile Include="GUIConnectingScreenImpl.cpp">
      <Filter>Source Files\GUI</Filter>
    </ClCompile>
    <ClCompile Include="ConnectingState.cpp">
      <Filter>Source Files\States</Filter>
    </ClCompile>
    <ClCompile Include="GUITypingTextBox.cpp">
      <Filter>Source Files\GUI\Elements</Filter>
    </ClCompile>
    <ClCompile Include="GUICalibrationItem.cpp">
      <Filter>Source Files\GUI</Filter>
    </ClCompile>
    <ClCompile Include="GUIAugTelScreen.cpp">
      <Filter>Source Files\GUI</Filter>
    </ClCompile>
    <ClCompile Include="VTelesarRenderingState.cpp">
      <Filter>Source Files\States</Filter>
    </ClCompile>
    <ClCompile Include="GUIMotorConnectionPanel.cpp">
      <Filter>Source Files\GUI\Elements</Filter>
    </ClCompile>
    <ClCompile Include="GUIGraphPlotElement.cpp">
      <Filter>Source Files\GUI\Elements</Filter>
    </ClCompile>
    <ClCompile Include="VTBaseState.cpp">
      <Filter>Source Files\States</Filter>
    </ClCompile>
    <ClCompile Include="LatencyTestState.cpp">
      <Filter>Source Files\States</Filter>
    </ClCompile>
    <ClCompile Include="LocalCameraRenderingState.cpp">
      <Filter>Source Files\States</Filter>
    </ClCompile>
    <ClCompile Include="FadeSceneEffect.cpp">
      <Filter>Source Files\Effects</Filter>
    </ClCompile>
    <ClCompile Include="SceneEffectManager.cpp">
      <Filter>Source Files\Effects</Filter>
    </ClCompile>
    <ClCompile Include="RefractionSceneEffect.cpp">
      <Filter>Source Files\Effects</Filter>
    </ClCompile>
    <ClCompile Include="LoadingScreen.cpp">
      <Filter>Source Files\Effects</Filter>
    </ClCompile>
    <ClCompile Include="VideoRenderElement.cpp">
      <Filter>Source Files\GUI</Filter>
    </ClCompile>
    <ClCompile Include="GUILoadingScreen.cpp">
      <Filter>Source Files\GUI</Filter>
    </ClCompile>
    <ClCompile Include="RobotViewerState.cpp">
      <Filter>Source Files\States</Filter>
    </ClCompile>
    <ClCompile Include="VirtualHandsController.cpp">
      <Filter>Source Files\Hands</Filter>
    </ClCompile>
    <ClCompile Include="LeapMotionHandsController.cpp">
      <Filter>Source Files\Hands</Filter>
    </ClCompile>
    <ClCompile Include="GUIInterfaceScreenImpl.cpp">
      <Filter>Source Files\GUI</Filter>
    </ClCompile>
    <ClCompile Include="LeapMotionController.cpp">
      <Filter>Source Files\Leap</Filter>
    </ClCompile>
    <ClCompile Include="LeapMotionImageRetrival.cpp">
      <Filter>Source Files\Leap</Filter>
    </ClCompile>
    <ClCompile Include="LeapHand.cpp">
      <Filter>Source Files\Leap</Filter>
    </ClCompile>
    <ClCompile Include="LeapFinger.cpp">
      <Filter>Source Files\Leap</Filter>
    </ClCompile>
    <ClCompile Include="LeapHandController.cpp">
      <Filter>Source Files\Leap</Filter>
    </ClCompile>
    <ClCompile Include="GUILoginMenuImpl.cpp">
      <Filter>Source Files\GUI</Filter>
    </ClCompile>
    <ClCompile Include="GUINavigationElement.cpp">
      <Filter>Source Files\GUI\Elements</Filter>
    </ClCompile>
    <ClCompile Include="IRobotControlState.cpp">
      <Filter>Source Files\States</Filter>
    </ClCompile>
    <ClCompile Include="LocalRobotCommunicator.cpp">
      <Filter>Source Files\Controllers</Filter>
    </ClCompile>
    <ClCompile Include="LeapHandComponent.cpp">
      <Filter>Source Files\GameComponents</Filter>
    </ClCompile>
    <ClCompile Include="ForwardArrowComponent.cpp">
      <Filter>Source Files\GameComponents</Filter>
    </ClCompile>
    <ClCompile Include="GUICollisionElement.cpp">
      <Filter>Source Files\GUI\Elements</Filter>
    </ClCompile>
    <ClCompile Include="GUIScenarioElement.cpp">
      <Filter>Source Files\GUI\Elements</Filter>
    </ClCompile>
  </ItemGroup>
  <ItemGroup>
    <Overlay Include="..\..\Bin\Data\AugTel\GUI\GUILoginMenu.gui">
      <Filter>Source Files\GUI</Filter>
    </Overlay>
    <Overlay Include="..\..\Bin\Data\AugTel\GUI\GUIConnectingScreen.gui">
      <Filter>Source Files\GUI</Filter>
    </Overlay>
    <Overlay Include="..\..\Bin\Data\AugTel\GUI\GUICalibrationItemLayout.gui">
      <Filter>Source Files\GUI</Filter>
    </Overlay>
    <Overlay Include="..\..\Bin\Data\AugTel\GUI\GUIAugTelScreenLayout.gui">
      <Filter>Source Files\GUI</Filter>
    </Overlay>
    <Overlay Include="..\..\Bin\Data\AugTel\GUI\GUIMainMenu.gui">
      <Filter>Source Files\GUI</Filter>
    </Overlay>
    <Overlay Include="..\..\Bin\Data\AugTel\GUI\GUILoadingScreenLayout.gui">
      <Filter>Source Files\GUI</Filter>
    </Overlay>
    <Overlay Include="..\..\Bin\Data\AugTel\GUI\GUIInterfaceScreen.gui">
      <Filter>Source Files\GUI</Filter>
    </Overlay>
    <Overlay Include="..\..\Bin\Data\AugTel\GUI\GUINavigationLayout.gui">
      <Filter>Source Files\GUI\Elements</Filter>
    </Overlay>
    <Overlay Include="..\..\Bin\Data\AugTel\GUI\GUICollisionLayout.gui">
      <Filter>Source Files\GUI\Elements</Filter>
    </Overlay>
    <Overlay Include="..\..\Bin\Data\AugTel\GUI\GUIScenarioLayout.gui">
      <Filter>Source Files\GUI\Elements</Filter>
    </Overlay>
  </ItemGroup>
</Project>