<?xml version="1.0" encoding="utf-8"?>
<Project ToolsVersion="4.0" xmlns="http://schemas.microsoft.com/developer/msbuild/2003">
  <ItemGroup>
    <ClCompile Include="GStreamerManager.cpp" />
    <ClCompile Include="GStreamerPlayback.cpp" />
    <ClCompile Include="stdafx.cpp" />
    <ClCompile Include="CMySink.cpp">
      <Filter>Elements</Filter>
    </ClCompile>
    <ClCompile Include="CMySrc.cpp">
      <Filter>Elements</Filter>
    </ClCompile>
    <ClCompile Include="GStreamerCore.cpp">
      <Filter>Core</Filter>
    </ClCompile>
    <ClCompile Include="GstUtils.cpp" />
    <ClCompile Include="GstVideoPlayer.cpp" />
    <ClCompile Include="CMyUDPSink.cpp">
      <Filter>Elements</Filter>
    </ClCompile>
    <ClCompile Include="CMyUDPSrc.cpp">
      <Filter>Elements</Filter>
    </ClCompile>
    <ClCompile Include="VideoAppSinkHandler.cpp">
      <Filter>Elements\Handlers</Filter>
    </ClCompile>
    <ClCompile Include="GstPipelineHandler.cpp">
      <Filter>Elements\Handlers</Filter>
    </ClCompile>
    <ClCompile Include="GstNetworkAudioPlayer.cpp">
      <Filter>StreamType\Player</Filter>
    </ClCompile>
    <ClCompile Include="GstNetworkVideoPlayer.cpp">
      <Filter>StreamType\Player</Filter>
    </ClCompile>
    <ClCompile Include="GstPlayerBin.cpp">
      <Filter>StreamType\Player</Filter>
    </ClCompile>
    <ClCompile Include="GstNetworkAudioStreamer.cpp">
      <Filter>StreamType\Streamer</Filter>
    </ClCompile>
    <ClCompile Include="GstNetworkVideoStreamer.cpp">
      <Filter>StreamType\Streamer</Filter>
    </ClCompile>
    <ClCompile Include="GstStreamBin.cpp">
      <Filter>StreamType\Streamer</Filter>
    </ClCompile>
  </ItemGroup>
  <ItemGroup>
    <ClInclude Include="GStreamerManager.h" />
    <ClInclude Include="GStreamerPlayback.h" />
    <ClInclude Include="stdafx.h" />
    <ClInclude Include="targetver.h" />
    <ClInclude Include="CMySink.h">
      <Filter>Elements</Filter>
    </ClInclude>
    <ClInclude Include="CMySrc.h">
      <Filter>Elements</Filter>
    </ClInclude>
    <ClInclude Include="GStreamerCore.h">
      <Filter>Core</Filter>
    </ClInclude>
    <ClInclude Include="IGstAppListener.h" />
    <ClInclude Include="GstUtils.h" />
    <ClInclude Include="GstVideoPlayer.h" />
    <ClInclude Include="CMyUDPSink.h">
      <Filter>Elements</Filter>
    </ClInclude>
    <ClInclude Include="CMyUDPSrc.h">
      <Filter>Elements</Filter>
    </ClInclude>
    <ClInclude Include="VideoAppSinkHandler.h">
      <Filter>Elements\Handlers</Filter>
    </ClInclude>
    <ClInclude Include="GstPipelineHandler.h">
      <Filter>Elements\Handlers</Filter>
    </ClInclude>
    <ClInclude Include="GstNetworkAudioPlayer.h">
      <Filter>StreamType\Player</Filter>
    </ClInclude>
    <ClInclude Include="GstNetworkVideoPlayer.h">
      <Filter>StreamType\Player</Filter>
    </ClInclude>
    <ClInclude Include="GstPlayerBin.h">
      <Filter>StreamType\Player</Filter>
    </ClInclude>
    <ClInclude Include="GstNetworkAudioStreamer.h">
      <Filter>StreamType\Streamer</Filter>
    </ClInclude>
    <ClInclude Include="GstNetworkVideoStreamer.h">
      <Filter>StreamType\Streamer</Filter>
    </ClInclude>
    <ClInclude Include="GstStreamBin.h">
      <Filter>StreamType\Streamer</Filter>
    </ClInclude>
    <ClInclude Include="IGStreamerPlayer.h">
      <Filter>StreamType\Player</Filter>
    </ClInclude>
    <ClInclude Include="IGStreamerStreamer.h">
      <Filter>StreamType\Streamer</Filter>
    </ClInclude>
    <ClInclude Include="GStreamerFilePlayer.h">
      <Filter>StreamType\Player</Filter>
    </ClInclude>
  </ItemGroup>
  <ItemGroup>
    <None Include="ReadMe.txt" />
  </ItemGroup>
  <ItemGroup>
    <Filter Include="StreamType">
      <UniqueIdentifier>{394fc3d5-9b6f-4084-8c0c-9bd58e4321f3}</UniqueIdentifier>
    </Filter>
    <Filter Include="Elements">
      <UniqueIdentifier>{818528a4-6d2a-44a9-9048-d6661d607626}</UniqueIdentifier>
    </Filter>
    <Filter Include="Core">
      <UniqueIdentifier>{3d0f569f-2d84-4c17-82f3-805c1c75543d}</UniqueIdentifier>
    </Filter>
    <Filter Include="Pipelines">
      <UniqueIdentifier>{fe5bf891-37c7-4f43-8aa6-0a8831edaa12}</UniqueIdentifier>
    </Filter>
    <Filter Include="Elements\Handlers">
      <UniqueIdentifier>{6812035b-b5ea-4dcc-92ea-c3208a262540}</UniqueIdentifier>
    </Filter>
    <Filter Include="StreamType\Player">
      <UniqueIdentifier>{052e8f82-c9a6-4831-a379-43f02122be35}</UniqueIdentifier>
    </Filter>
    <Filter Include="StreamType\Streamer">
      <UniqueIdentifier>{1b8b5de4-d42d-40fd-9d0d-a6776fc2701d}</UniqueIdentifier>
    </Filter>
  </ItemGroup>
</Project>