<?xml version="1.0" encoding="utf-8"?>
<Project ToolsVersion="4.0" xmlns="http://schemas.microsoft.com/developer/msbuild/2003">
  <ItemGroup>
    <Filter Include="Source Files">
      <UniqueIdentifier>{4FC737F1-C7A5-4376-A066-2A32D752A2FF}</UniqueIdentifier>
      <Extensions>cpp;c;cc;cxx;def;odl;idl;hpj;bat;asm;asmx</Extensions>
    </Filter>
    <Filter Include="Source Files\GameControlState">
      <UniqueIdentifier>{2d3b258d-87bc-4e7d-b508-b8db75c83f7c}</UniqueIdentifier>
    </Filter>
    <Filter Include="Source Files\UI">
      <UniqueIdentifier>{116048fd-138f-4fcb-b86c-b334361df027}</UniqueIdentifier>
    </Filter>
    <Filter Include="Header Files">
      <UniqueIdentifier>{93995380-89BD-4b04-88EB-625FBE52EBFB}</UniqueIdentifier>
      <Extensions>h;hpp;hxx;hm;inl;inc;xsd</Extensions>
    </Filter>
    <Filter Include="Resource Files">
      <UniqueIdentifier>{67DA6AB6-F800-4c08-8B7A-83BB121AAD01}</UniqueIdentifier>
      <Extensions>rc;ico;cur;bmp;dlg;rc2;rct;bin;rgs;gif;jpg;jpeg;jpe;resx;tiff;tif;png;wav</Extensions>
    </Filter>
  </ItemGroup>
  <ItemGroup>
    <ClCompile Include="Application.cpp">
      <Filter>Source Files</Filter>
    </ClCompile>
    <ClCompile Include="CharacterDemoGlobals.cpp">
      <Filter>Source Files</Filter>
    </ClCompile>
    <ClCompile Include="GameDemoOptions.cpp">
      <Filter>Source Files</Filter>
    </ClCompile>
    <ClCompile Include="main.cpp">
      <Filter>Source Files</Filter>
    </ClCompile>
    <ClCompile Include="stdafx.cpp">
      <Filter>Source Files</Filter>
    </ClCompile>
    <ClCompile Include="AboutSenario.cpp">
      <Filter>Source Files\GameControlState</Filter>
    </ClCompile>
    <ClCompile Include="GameSenario.cpp">
      <Filter>Source Files\GameControlState</Filter>
    </ClCompile>
    <ClCompile Include="ImageController.cpp">
      <Filter>Source Files\GameControlState</Filter>
    </ClCompile>
    <ClCompile Include="ImageIntroItem.cpp">
      <Filter>Source Files\GameControlState</Filter>
    </ClCompile>
    <ClCompile Include="IntroSenario.cpp">
      <Filter>Source Files\GameControlState</Filter>
    </ClCompile>
    <ClCompile Include="LoadingScenario.cpp">
      <Filter>Source Files\GameControlState</Filter>
    </ClCompile>
    <ClCompile Include="MenuSenario.cpp">
      <Filter>Source Files\GameControlState</Filter>
    </ClCompile>
    <ClCompile Include="ScenarioManager.cpp">
      <Filter>Source Files\GameControlState</Filter>
    </ClCompile>
    <ClCompile Include="SenarioState.cpp">
      <Filter>Source Files\GameControlState</Filter>
    </ClCompile>
    <ClCompile Include="VideoIntroItem.cpp">
      <Filter>Source Files\GameControlState</Filter>
    </ClCompile>
    <ClCompile Include="GUISoundTrack.cpp">
      <Filter>Source Files\UI</Filter>
    </ClCompile>
  </ItemGroup>
  <ItemGroup>
    <ClInclude Include="Application.h">
      <Filter>Source Files</Filter>
    </ClInclude>
    <ClInclude Include="CharacterDemoGlobals.h">
      <Filter>Source Files</Filter>
    </ClInclude>
    <ClInclude Include="democamera.h">
      <Filter>Source Files</Filter>
    </ClInclude>
    <ClInclude Include="GameDemoOptions.h">
      <Filter>Source Files</Filter>
    </ClInclude>
    <ClInclude Include="AboutSenario.h">
      <Filter>Source Files\GameControlState</Filter>
    </ClInclude>
    <ClInclude Include="GameSenario.h">
      <Filter>Source Files\GameControlState</Filter>
    </ClInclude>
    <ClInclude Include="ImageController.h">
      <Filter>Source Files\GameControlState</Filter>
    </ClInclude>
    <ClInclude Include="ImageIntroItem.h">
      <Filter>Source Files\GameControlState</Filter>
    </ClInclude>
    <ClInclude Include="IntroItem.h">
      <Filter>Source Files\GameControlState</Filter>
    </ClInclude>
    <ClInclude Include="IntroSenario.h">
      <Filter>Source Files\GameControlState</Filter>
    </ClInclude>
    <ClInclude Include="IScenarioNode.h">
      <Filter>Source Files\GameControlState</Filter>
    </ClInclude>
    <ClInclude Include="LoadingScenario.h">
      <Filter>Source Files\GameControlState</Filter>
    </ClInclude>
    <ClInclude Include="MenuSenario.h">
      <Filter>Source Files\GameControlState</Filter>
    </ClInclude>
    <ClInclude Include="ScenarioExitCode.h">
      <Filter>Source Files\GameControlState</Filter>
    </ClInclude>
    <ClInclude Include="ScenarioManager.h">
      <Filter>Source Files\GameControlState</Filter>
    </ClInclude>
    <ClInclude Include="SenarioState.h">
      <Filter>Source Files\GameControlState</Filter>
    </ClInclude>
    <ClInclude Include="VideoIntroItem.h">
      <Filter>Source Files\GameControlState</Filter>
    </ClInclude>
    <ClInclude Include="GUISoundTrack.h">
      <Filter>Source Files\UI</Filter>
    </ClInclude>
    <ClInclude Include="resource.h">
      <Filter>Header Files</Filter>
    </ClInclude>
    <ClInclude Include="stdafx.h">
      <Filter>Header Files</Filter>
    </ClInclude>
  </ItemGroup>
  <ItemGroup>
    <ResourceCompile Include="characterDemo.rc">
      <Filter>Resource Files</Filter>
    </ResourceCompile>
    <ResourceCompile Include="..\mrayWinApp\mrayEngineResource.rc">
      <Filter>Resource Files</Filter>
    </ResourceCompile>
  </ItemGroup>
  <ItemGroup>
    <None Include="..\bin\CharacterDemo\Assets Source\icon.ico">
      <Filter>Resource Files</Filter>
    </None>
    <None Include="icon.ico">
      <Filter>Resource Files</Filter>
    </None>
    <None Include="ReadMe.txt" />
  </ItemGroup>
</Project>