<?xml version="1.0" encoding="utf-8"?>
<Project ToolsVersion="4.0" xmlns="http://schemas.microsoft.com/developer/msbuild/2003">
  <ItemGroup>
    <Filter Include="Source Files">
      <UniqueIdentifier>{4FC737F1-C7A5-4376-A066-2A32D752A2FF}</UniqueIdentifier>
      <Extensions>cpp;c;cc;cxx;def;odl;idl;hpj;bat;asm;asmx</Extensions>
    </Filter>
    <Filter Include="Header Files">
      <UniqueIdentifier>{93995380-89BD-4b04-88EB-625FBE52EBFB}</UniqueIdentifier>
      <Extensions>h;hpp;hxx;hm;inl;inc;xsd</Extensions>
    </Filter>
    <Filter Include="Resource Files">
      <UniqueIdentifier>{67DA6AB6-F800-4c08-8B7A-83BB121AAD01}</UniqueIdentifier>
      <Extensions>rc;ico;cur;bmp;dlg;rc2;rct;bin;rgs;gif;jpg;jpeg;jpe;resx;tiff;tif;png;wav</Extensions>
    </Filter>
  </ItemGroup>
  <ItemGroup>
    <ClCompile Include="AnimationDialog.cpp">
      <Filter>Source Files</Filter>
    </ClCompile>
    <ClCompile Include="CEngineWindow.cpp">
      <Filter>Source Files</Filter>
    </ClCompile>
    <ClCompile Include="ChildView.cpp">
      <Filter>Source Files</Filter>
    </ClCompile>
    <ClCompile Include="EditorEventManager.cpp">
      <Filter>Source Files</Filter>
    </ClCompile>
    <ClCompile Include="EditorGlobals.cpp">
      <Filter>Source Files</Filter>
    </ClCompile>
    <ClCompile Include="EntityDialog.cpp">
      <Filter>Source Files</Filter>
    </ClCompile>
    <ClCompile Include="EnvironmentSettingsDlg.cpp">
      <Filter>Source Files</Filter>
    </ClCompile>
    <ClCompile Include="GameActionsDialog.cpp">
      <Filter>Source Files</Filter>
    </ClCompile>
    <ClCompile Include="LevelInfoDlg.cpp">
      <Filter>Source Files</Filter>
    </ClCompile>
    <ClCompile Include="LoadingDialog.cpp">
      <Filter>Source Files</Filter>
    </ClCompile>
    <ClCompile Include="LogDialog.cpp">
      <Filter>Source Files</Filter>
    </ClCompile>
    <ClCompile Include="MainFrm.cpp">
      <Filter>Source Files</Filter>
    </ClCompile>
    <ClCompile Include="MaterialDialog.cpp">
      <Filter>Source Files</Filter>
    </ClCompile>
    <ClCompile Include="MaterialEditor.cpp">
      <Filter>Source Files</Filter>
    </ClCompile>
    <ClCompile Include="NavMeshToolbox.cpp">
      <Filter>Source Files</Filter>
    </ClCompile>
    <ClCompile Include="PaneView.cpp">
      <Filter>Source Files</Filter>
    </ClCompile>
    <ClCompile Include="PluginsDialog.cpp">
      <Filter>Source Files</Filter>
    </ClCompile>
    <ClCompile Include="ShaderDialog.cpp">
      <Filter>Source Files</Filter>
    </ClCompile>
    <ClCompile Include="SkyBoxDlg.cpp">
      <Filter>Source Files</Filter>
    </ClCompile>
    <ClCompile Include="stdafx.cpp">
      <Filter>Source Files</Filter>
    </ClCompile>
    <ClCompile Include="TerrainToolbox.cpp">
      <Filter>Source Files</Filter>
    </ClCompile>
    <ClCompile Include="TextLogDevice.cpp">
      <Filter>Source Files</Filter>
    </ClCompile>
    <ClCompile Include="TexturesListDlg.cpp">
      <Filter>Source Files</Filter>
    </ClCompile>
    <ClCompile Include="XEditor.cpp">
      <Filter>Source Files</Filter>
    </ClCompile>
  </ItemGroup>
  <ItemGroup>
    <ClInclude Include="AnimationDialog.h">
      <Filter>Header Files</Filter>
    </ClInclude>
    <ClInclude Include="CEngineWindow.h">
      <Filter>Header Files</Filter>
    </ClInclude>
    <ClInclude Include="ChildView.h">
      <Filter>Header Files</Filter>
    </ClInclude>
    <ClInclude Include="democamera.h">
      <Filter>Header Files</Filter>
    </ClInclude>
    <ClInclude Include="EditorEventManager.h">
      <Filter>Header Files</Filter>
    </ClInclude>
    <ClInclude Include="EditorEventMessages.h">
      <Filter>Header Files</Filter>
    </ClInclude>
    <ClInclude Include="EditorGlobals.h">
      <Filter>Header Files</Filter>
    </ClInclude>
    <ClInclude Include="EntityDialog.h">
      <Filter>Header Files</Filter>
    </ClInclude>
    <ClInclude Include="EnvironmentSettingsDlg.h">
      <Filter>Header Files</Filter>
    </ClInclude>
    <ClInclude Include="GameActionsDialog.h">
      <Filter>Header Files</Filter>
    </ClInclude>
    <ClInclude Include="IToolBox.h">
      <Filter>Header Files</Filter>
    </ClInclude>
    <ClInclude Include="LevelInfoDlg.h">
      <Filter>Header Files</Filter>
    </ClInclude>
    <ClInclude Include="LoadingDialog.h">
      <Filter>Header Files</Filter>
    </ClInclude>
    <ClInclude Include="LogDialog.h">
      <Filter>Header Files</Filter>
    </ClInclude>
    <ClInclude Include="MainFrm.h">
      <Filter>Header Files</Filter>
    </ClInclude>
    <ClInclude Include="MaterialDialog.h">
      <Filter>Header Files</Filter>
    </ClInclude>
    <ClInclude Include="MaterialEditor.h">
      <Filter>Header Files</Filter>
    </ClInclude>
    <ClInclude Include="NavMeshToolbox.h">
      <Filter>Header Files</Filter>
    </ClInclude>
    <ClInclude Include="PaneView.h">
      <Filter>Header Files</Filter>
    </ClInclude>
    <ClInclude Include="PluginsDialog.h">
      <Filter>Header Files</Filter>
    </ClInclude>
    <ClInclude Include="Resource.h">
      <Filter>Header Files</Filter>
    </ClInclude>
    <ClInclude Include="shadercallback.h">
      <Filter>Header Files</Filter>
    </ClInclude>
    <ClInclude Include="ShaderDialog.h">
      <Filter>Header Files</Filter>
    </ClInclude>
    <ClInclude Include="SkyBoxDlg.h">
      <Filter>Header Files</Filter>
    </ClInclude>
    <ClInclude Include="stdafx.h">
      <Filter>Header Files</Filter>
    </ClInclude>
    <ClInclude Include="TerrainToolbox.h">
      <Filter>Header Files</Filter>
    </ClInclude>
    <ClInclude Include="TextLogDevice.h">
      <Filter>Header Files</Filter>
    </ClInclude>
    <ClInclude Include="TexturesListDlg.h">
      <Filter>Header Files</Filter>
    </ClInclude>
    <ClInclude Include="XEditor.h">
      <Filter>Header Files</Filter>
    </ClInclude>
  </ItemGroup>
  <ItemGroup>
    <None Include="res\bitmap1.bmp">
      <Filter>Resource Files</Filter>
    </None>
    <None Include="res\paneicons.bmp">
      <Filter>Resource Files</Filter>
    </None>
    <None Include="res\Toolbar.bmp">
      <Filter>Resource Files</Filter>
    </None>
    <None Include="res\Toolbar.png">
      <Filter>Resource Files</Filter>
    </None>
    <None Include="XEditor.bmp">
      <Filter>Resource Files</Filter>
    </None>
    <None Include="res\XEditor.ico">
      <Filter>Resource Files</Filter>
    </None>
    <None Include="res\XEditor.rc2">
      <Filter>Resource Files</Filter>
    </None>
    <None Include="ReadMe.txt" />
  </ItemGroup>
  <ItemGroup>
    <ResourceCompile Include="XEditor.rc">
      <Filter>Resource Files</Filter>
    </ResourceCompile>
  </ItemGroup>
</Project>