<?xml version="1.0" encoding="utf-8"?>
<Project ToolsVersion="4.0" xmlns="http://schemas.microsoft.com/developer/msbuild/2003">
  <ItemGroup>
    <Filter Include="Source Files">
      <UniqueIdentifier>{4FC737F1-C7A5-4376-A066-2A32D752A2FF}</UniqueIdentifier>
      <Extensions>cpp;c;cc;cxx;def;odl;idl;hpj;bat;asm;asmx</Extensions>
    </Filter>
    <Filter Include="Source Files\Shapes">
      <UniqueIdentifier>{7b1a4bab-cb00-4776-97de-42d8241372ec}</UniqueIdentifier>
    </Filter>
    <Filter Include="Source Files\Connectors">
      <UniqueIdentifier>{45ad2acb-53a0-4092-86f7-81152eeba1ad}</UniqueIdentifier>
    </Filter>
    <Filter Include="Header Files">
      <UniqueIdentifier>{93995380-89BD-4b04-88EB-625FBE52EBFB}</UniqueIdentifier>
      <Extensions>h;hpp;hxx;hm;inl;inc;xsd</Extensions>
    </Filter>
    <Filter Include="Resource Files">
      <UniqueIdentifier>{67DA6AB6-F800-4c08-8B7A-83BB121AAD01}</UniqueIdentifier>
      <Extensions>rc;ico;cur;bmp;dlg;rc2;rct;bin;rgs;gif;jpg;jpeg;jpe;resx;tiff;tif;png;wav</Extensions>
    </Filter>
  </ItemGroup>
  <ItemGroup>
    <ClInclude Include="CanvasCommon.h">
      <Filter>Source Files</Filter>
    </ClInclude>
    <ClInclude Include="CanvasManager.h">
      <Filter>Source Files</Filter>
    </ClInclude>
    <ClInclude Include="CanvasUtilities.h">
      <Filter>Source Files</Filter>
    </ClInclude>
    <ClInclude Include="GUICanvasObject.h">
      <Filter>Source Files</Filter>
    </ClInclude>
    <ClInclude Include="ICanvasObject.h">
      <Filter>Source Files</Filter>
    </ClInclude>
    <ClInclude Include="IConnectionCurve.h">
      <Filter>Source Files</Filter>
    </ClInclude>
    <ClInclude Include="IConnector.h">
      <Filter>Source Files</Filter>
    </ClInclude>
    <ClInclude Include="ICShape.h">
      <Filter>Source Files</Filter>
    </ClInclude>
    <ClInclude Include="IShape.h">
      <Filter>Source Files</Filter>
    </ClInclude>
    <ClInclude Include="ColoredShape.h">
      <Filter>Source Files\Shapes</Filter>
    </ClInclude>
    <ClInclude Include="FilledShape.h">
      <Filter>Source Files\Shapes</Filter>
    </ClInclude>
    <ClInclude Include="TextShape.h">
      <Filter>Source Files\Shapes</Filter>
    </ClInclude>
    <ClInclude Include="TexturedShape.h">
      <Filter>Source Files\Shapes</Filter>
    </ClInclude>
    <ClInclude Include="ConnectionCurve.h">
      <Filter>Source Files\Connectors</Filter>
    </ClInclude>
    <ClInclude Include="DirectedConnector.h">
      <Filter>Source Files\Connectors</Filter>
    </ClInclude>
    <ClInclude Include="stdafx.h">
      <Filter>Header Files</Filter>
    </ClInclude>
  </ItemGroup>
  <ItemGroup>
    <ClCompile Include="CanvasManager.cpp">
      <Filter>Source Files</Filter>
    </ClCompile>
    <ClCompile Include="CanvasUtilities.cpp">
      <Filter>Source Files</Filter>
    </ClCompile>
    <ClCompile Include="GUICanvasObject.cpp">
      <Filter>Source Files</Filter>
    </ClCompile>
    <ClCompile Include="ICanvasObject.cpp">
      <Filter>Source Files</Filter>
    </ClCompile>
    <ClCompile Include="IConnector.cpp">
      <Filter>Source Files</Filter>
    </ClCompile>
    <ClCompile Include="ICShape.cpp">
      <Filter>Source Files</Filter>
    </ClCompile>
    <ClCompile Include="stdafx.cpp">
      <Filter>Source Files</Filter>
    </ClCompile>
    <ClCompile Include="ColoredShape.cpp">
      <Filter>Source Files\Shapes</Filter>
    </ClCompile>
    <ClCompile Include="FilledShape.cpp">
      <Filter>Source Files\Shapes</Filter>
    </ClCompile>
    <ClCompile Include="TextShape.cpp">
      <Filter>Source Files\Shapes</Filter>
    </ClCompile>
    <ClCompile Include="TexturedShape.cpp">
      <Filter>Source Files\Shapes</Filter>
    </ClCompile>
    <ClCompile Include="ConnectionCurve.cpp">
      <Filter>Source Files\Connectors</Filter>
    </ClCompile>
    <ClCompile Include="DirectedConnector.cpp">
      <Filter>Source Files\Connectors</Filter>
    </ClCompile>
  </ItemGroup>
  <ItemGroup>
    <None Include="ReadMe.txt" />
  </ItemGroup>
</Project>