<?xml version="1.0" encoding="utf-8"?>
<Project ToolsVersion="4.0" xmlns="http://schemas.microsoft.com/developer/msbuild/2003">
  <ItemGroup>
    <Filter Include="Source Files">
      <UniqueIdentifier>{4FC737F1-C7A5-4376-A066-2A32D752A2FF}</UniqueIdentifier>
      <Extensions>cpp;c;cc;cxx;def;odl;idl;hpj;bat;asm;asmx</Extensions>
    </Filter>
    <Filter Include="Header Files">
      <UniqueIdentifier>{93995380-89BD-4b04-88EB-625FBE52EBFB}</UniqueIdentifier>
      <Extensions>h;hpp;hxx;hm;inl;inc;xsd</Extensions>
    </Filter>
    <Filter Include="Resource Files">
      <UniqueIdentifier>{67DA6AB6-F800-4c08-8B7A-83BB121AAD01}</UniqueIdentifier>
      <Extensions>rc;ico;cur;bmp;dlg;rc2;rct;bin;rgs;gif;jpg;jpeg;jpe;resx;tiff;tif;png;wav</Extensions>
    </Filter>
    <Filter Include="Source Files\Dialog">
      <UniqueIdentifier>{2961b05e-2c7f-484e-8329-47b46cace4ad}</UniqueIdentifier>
    </Filter>
    <Filter Include="Source Files\GC">
      <UniqueIdentifier>{42ac4844-e818-4ae7-8c15-dc822a29e55b}</UniqueIdentifier>
    </Filter>
    <Filter Include="Source Files\SerialPort">
      <UniqueIdentifier>{889a4c89-d05f-4aca-b7c1-f22e0ef464da}</UniqueIdentifier>
    </Filter>
    <Filter Include="Source Files\SerialPort\Internal">
      <UniqueIdentifier>{003b6f64-b6d5-4544-b05f-e7f2e428911f}</UniqueIdentifier>
    </Filter>
  </ItemGroup>
  <ItemGroup>
    <ClInclude Include="CompileConfig.h">
      <Filter>Source Files</Filter>
    </ClInclude>
    <ClInclude Include="WinErrorDialog.h">
      <Filter>Source Files\Dialog</Filter>
    </ClInclude>
    <ClInclude Include="Win32GCCollector.h">
      <Filter>Source Files\GC</Filter>
    </ClInclude>
    <ClInclude Include="stdafx.h">
      <Filter>Header Files</Filter>
    </ClInclude>
    <ClInclude Include="resource.h">
      <Filter>Resource Files</Filter>
    </ClInclude>
    <ClInclude Include="WinTimer.h">
      <Filter>Source Files</Filter>
    </ClInclude>
    <ClInclude Include="mrayWin32.h">
      <Filter>Source Files</Filter>
    </ClInclude>
    <ClInclude Include="Win32CallbackProc.h">
      <Filter>Source Files</Filter>
    </ClInclude>
    <ClInclude Include="Win32WindowUtils.h">
      <Filter>Source Files</Filter>
    </ClInclude>
    <ClInclude Include="WinCondition.h">
      <Filter>Source Files</Filter>
    </ClInclude>
    <ClInclude Include="WinConsole.h">
      <Filter>Source Files</Filter>
    </ClInclude>
    <ClInclude Include="WinCursorControl.h">
      <Filter>Source Files</Filter>
    </ClInclude>
    <ClInclude Include="WinDirOS.h">
      <Filter>Source Files</Filter>
    </ClInclude>
    <ClInclude Include="WinDllManager.h">
      <Filter>Source Files</Filter>
    </ClInclude>
    <ClInclude Include="WinDynamicLibrary.h">
      <Filter>Source Files</Filter>
    </ClInclude>
    <ClInclude Include="WinFile.h">
      <Filter>Source Files</Filter>
    </ClInclude>
    <ClInclude Include="WinFileSystem.h">
      <Filter>Source Files</Filter>
    </ClInclude>
    <ClInclude Include="WinMutex.h">
      <Filter>Source Files</Filter>
    </ClInclude>
    <ClInclude Include="WinOSClipboard.h">
      <Filter>Source Files</Filter>
    </ClInclude>
    <ClInclude Include="WinOSystem.h">
      <Filter>Source Files</Filter>
    </ClInclude>
    <ClInclude Include="WinProcess.h">
      <Filter>Source Files</Filter>
    </ClInclude>
    <ClInclude Include="WinRegistry.h">
      <Filter>Source Files</Filter>
    </ClInclude>
    <ClInclude Include="WinThread.h">
      <Filter>Source Files</Filter>
    </ClInclude>
    <ClInclude Include="WinThreadEvent.h">
      <Filter>Source Files</Filter>
    </ClInclude>
    <ClInclude Include="WinThreadManager.h">
      <Filter>Source Files</Filter>
    </ClInclude>
    <ClInclude Include="Win32SerialPort.h">
      <Filter>Source Files\SerialPort</Filter>
    </ClInclude>
    <ClInclude Include="WinFileMonitor.h">
      <Filter>Source Files</Filter>
    </ClInclude>
    <ClInclude Include="WinMonitorFileInformation.h">
      <Filter>Source Files</Filter>
    </ClInclude>
    <ClInclude Include="Serial.h">
      <Filter>Source Files\SerialPort\Internal</Filter>
    </ClInclude>
    <ClInclude Include="SerialEx.h">
      <Filter>Source Files\SerialPort\Internal</Filter>
    </ClInclude>
  </ItemGroup>
  <ItemGroup>
    <ClCompile Include="WinErrorDialog.cpp">
      <Filter>Source Files\Dialog</Filter>
    </ClCompile>
    <ClCompile Include="Win32GCCollector.cpp">
      <Filter>Source Files\GC</Filter>
    </ClCompile>
    <ClCompile Include="stdafx.cpp">
      <Filter>Header Files</Filter>
    </ClCompile>
    <ClCompile Include="Win32CallbackProc.cpp">
      <Filter>Source Files</Filter>
    </ClCompile>
    <ClCompile Include="Win32WindowUtils.cpp">
      <Filter>Source Files</Filter>
    </ClCompile>
    <ClCompile Include="WinCondition.cpp">
      <Filter>Source Files</Filter>
    </ClCompile>
    <ClCompile Include="WinConsole.cpp">
      <Filter>Source Files</Filter>
    </ClCompile>
    <ClCompile Include="WinCursorControl.cpp">
      <Filter>Source Files</Filter>
    </ClCompile>
    <ClCompile Include="WinDirOS.cpp">
      <Filter>Source Files</Filter>
    </ClCompile>
    <ClCompile Include="WinDllManager.cpp">
      <Filter>Source Files</Filter>
    </ClCompile>
    <ClCompile Include="WinDynamicLibrary.cpp">
      <Filter>Source Files</Filter>
    </ClCompile>
    <ClCompile Include="WinFile.cpp">
      <Filter>Source Files</Filter>
    </ClCompile>
    <ClCompile Include="WinFileSystem.cpp">
      <Filter>Source Files</Filter>
    </ClCompile>
    <ClCompile Include="WinMutex.cpp">
      <Filter>Source Files</Filter>
    </ClCompile>
    <ClCompile Include="WinOSClipboard.cpp">
      <Filter>Source Files</Filter>
    </ClCompile>
    <ClCompile Include="WinOSystem.cpp">
      <Filter>Source Files</Filter>
    </ClCompile>
    <ClCompile Include="WinProcess.cpp">
      <Filter>Source Files</Filter>
    </ClCompile>
    <ClCompile Include="WinRegistry.cpp">
      <Filter>Source Files</Filter>
    </ClCompile>
    <ClCompile Include="WinThread.cpp">
      <Filter>Source Files</Filter>
    </ClCompile>
    <ClCompile Include="WinThreadEvent.cpp">
      <Filter>Source Files</Filter>
    </ClCompile>
    <ClCompile Include="WinThreadManager.cpp">
      <Filter>Source Files</Filter>
    </ClCompile>
    <ClCompile Include="WinTimer.cpp">
      <Filter>Source Files</Filter>
    </ClCompile>
    <ClCompile Include="Win32SerialPort.cpp">
      <Filter>Source Files\SerialPort</Filter>
    </ClCompile>
    <ClCompile Include="WinFileMonitor.cpp">
      <Filter>Source Files</Filter>
    </ClCompile>
    <ClCompile Include="WinMonitorFileInformation.cpp">
      <Filter>Source Files</Filter>
    </ClCompile>
    <ClCompile Include="Serial.cpp">
      <Filter>Source Files\SerialPort\Internal</Filter>
    </ClCompile>
    <ClCompile Include="SerialEx.cpp">
      <Filter>Source Files\SerialPort\Internal</Filter>
    </ClCompile>
  </ItemGroup>
  <ItemGroup>
    <None Include="ReadMe.txt" />
  </ItemGroup>
</Project>