<?xml version="1.0" encoding="utf-8"?>
<Project ToolsVersion="4.0" xmlns="http://schemas.microsoft.com/developer/msbuild/2003">
  <ItemGroup>
    <Filter Include="Source Files">
      <UniqueIdentifier>{4FC737F1-C7A5-4376-A066-2A32D752A2FF}</UniqueIdentifier>
      <Extensions>cpp;c;cc;cxx;def;odl;idl;hpj;bat;asm;asmx</Extensions>
    </Filter>
    <Filter Include="Header Files">
      <UniqueIdentifier>{93995380-89BD-4b04-88EB-625FBE52EBFB}</UniqueIdentifier>
      <Extensions>h;hpp;hxx;hm;inl;inc;xsd</Extensions>
    </Filter>
    <Filter Include="Resource Files">
      <UniqueIdentifier>{67DA6AB6-F800-4c08-8B7A-83BB121AAD01}</UniqueIdentifier>
      <Extensions>rc;ico;cur;bmp;dlg;rc2;rct;bin;rgs;gif;jpg;jpeg;jpe;resx;tiff;tif;png;wav;mfcribbon-ms</Extensions>
    </Filter>
    <Filter Include="Source Files\Shared">
      <UniqueIdentifier>{5adc97b9-e0b8-432d-9c5b-1cddbaefd98f}</UniqueIdentifier>
    </Filter>
    <Filter Include="Source Files\states">
      <UniqueIdentifier>{4368f6fb-d25c-407f-ab8a-fa3693419209}</UniqueIdentifier>
    </Filter>
    <Filter Include="Source Files\Control">
      <UniqueIdentifier>{f3c274e0-9e55-4269-8b7d-9079622428d4}</UniqueIdentifier>
    </Filter>
    <Filter Include="Source Files\AR">
      <UniqueIdentifier>{ac5b8c13-6acb-4fef-927c-ca32d8e7b2ca}</UniqueIdentifier>
    </Filter>
    <Filter Include="Source Files\GUI">
      <UniqueIdentifier>{497c1674-671f-4b65-b627-dfeccec409c4}</UniqueIdentifier>
    </Filter>
    <Filter Include="Source Files\Debug">
      <UniqueIdentifier>{52595a15-bd6e-482c-ba09-f03e2162f992}</UniqueIdentifier>
    </Filter>
    <Filter Include="Source Files\Commands">
      <UniqueIdentifier>{24e118ec-941b-47b4-a312-81fa94baa563}</UniqueIdentifier>
    </Filter>
  </ItemGroup>
  <ItemGroup>
    <None Include="ReadMe.txt" />
  </ItemGroup>
  <ItemGroup>
    <ClInclude Include="stdafx.h">
      <Filter>Header Files</Filter>
    </ClInclude>
    <ClInclude Include="targetver.h">
      <Filter>Header Files</Filter>
    </ClInclude>
    <ClInclude Include="Application.h">
      <Filter>Source Files</Filter>
    </ClInclude>
    <ClInclude Include="NCAppGlobals.h">
      <Filter>Source Files\Shared</Filter>
    </ClInclude>
    <ClInclude Include="RobotCameraState.h">
      <Filter>Source Files\states</Filter>
    </ClInclude>
    <ClInclude Include="CalibHeadController.h">
      <Filter>Source Files\Control</Filter>
    </ClInclude>
    <ClInclude Include="NissanRobotCommunicator.h">
      <Filter>Source Files\Control</Filter>
    </ClInclude>
    <ClInclude Include="dispObjSM.h">
      <Filter>Source Files\AR</Filter>
    </ClInclude>
    <ClInclude Include="dispObjSMParser.h">
      <Filter>Source Files\AR</Filter>
    </ClInclude>
    <ClInclude Include="ARServiceProvider.h">
      <Filter>Source Files\AR</Filter>
    </ClInclude>
    <ClInclude Include="ARDataTypes.h">
      <Filter>Source Files\AR</Filter>
    </ClInclude>
    <ClInclude Include="ARGroupManager.h">
      <Filter>Source Files\AR</Filter>
    </ClInclude>
    <ClInclude Include="GUIConsole.h">
      <Filter>Source Files\GUI</Filter>
    </ClInclude>
    <ClInclude Include="GUIConsoleLayout.h">
      <Filter>Source Files\GUI</Filter>
    </ClInclude>
    <ClInclude Include="ConsoleLogDevice.h">
      <Filter>Source Files\Debug</Filter>
    </ClInclude>
    <ClInclude Include="ARCommands.h">
      <Filter>Source Files\Commands</Filter>
    </ClInclude>
  </ItemGroup>
  <ItemGroup>
    <ClCompile Include="stdafx.cpp">
      <Filter>Source Files</Filter>
    </ClCompile>
    <ClCompile Include="NissanCamera.cpp">
      <Filter>Source Files</Filter>
    </ClCompile>
    <ClCompile Include="Application.cpp">
      <Filter>Source Files</Filter>
    </ClCompile>
    <ClCompile Include="RobotCameraState.cpp">
      <Filter>Source Files\states</Filter>
    </ClCompile>
    <ClCompile Include="CalibHeadController.cpp">
      <Filter>Source Files\Control</Filter>
    </ClCompile>
    <ClCompile Include="NissanRobotCommunicator.cpp">
      <Filter>Source Files\Control</Filter>
    </ClCompile>
    <ClCompile Include="dispObjSMParser.cpp">
      <Filter>Source Files\AR</Filter>
    </ClCompile>
    <ClCompile Include="ARServiceProvider.cpp">
      <Filter>Source Files\AR</Filter>
    </ClCompile>
    <ClCompile Include="ARGroupManager.cpp">
      <Filter>Source Files\AR</Filter>
    </ClCompile>
    <ClCompile Include="GUIConsole.cpp">
      <Filter>Source Files\GUI</Filter>
    </ClCompile>
    <ClCompile Include="ConsoleLogDevice.cpp">
      <Filter>Source Files\Debug</Filter>
    </ClCompile>
    <ClCompile Include="ARCommands.cpp">
      <Filter>Source Files\Commands</Filter>
    </ClCompile>
  </ItemGroup>
  <ItemGroup>
    <Overlay Include="..\..\Bin\Data\BaseResources\GUI\GUIConsoleLayout.gui">
      <Filter>Source Files\GUI</Filter>
    </Overlay>
  </ItemGroup>
</Project>