<?xml version="1.0" encoding="utf-8"?>
<Project ToolsVersion="4.0" xmlns="http://schemas.microsoft.com/developer/msbuild/2003">
  <ItemGroup>
    <Filter Include="Source Files">
      <UniqueIdentifier>{4FC737F1-C7A5-4376-A066-2A32D752A2FF}</UniqueIdentifier>
      <Extensions>cpp;c;cc;cxx;def;odl;idl;hpj;bat;asm;asmx</Extensions>
    </Filter>
    <Filter Include="Header Files">
      <UniqueIdentifier>{93995380-89BD-4b04-88EB-625FBE52EBFB}</UniqueIdentifier>
      <Extensions>h;hpp;hxx;hm;inl;inc;xsd</Extensions>
    </Filter>
    <Filter Include="Resource Files">
      <UniqueIdentifier>{67DA6AB6-F800-4c08-8B7A-83BB121AAD01}</UniqueIdentifier>
      <Extensions>rc;ico;cur;bmp;dlg;rc2;rct;bin;rgs;gif;jpg;jpeg;jpe;resx;tiff;tif;png;wav</Extensions>
    </Filter>
  </ItemGroup>
  <ItemGroup>
    <ClCompile Include="SGCommon.cpp">
      <Filter>Source Files</Filter>
    </ClCompile>
    <ClCompile Include="SGDirectValue.cpp">
      <Filter>Source Files</Filter>
    </ClCompile>
    <ClCompile Include="SGForStatement.cpp">
      <Filter>Source Files</Filter>
    </ClCompile>
    <ClCompile Include="SGFunction.cpp">
      <Filter>Source Files</Filter>
    </ClCompile>
    <ClCompile Include="SGFunctionCall.cpp">
      <Filter>Source Files</Filter>
    </ClCompile>
    <ClCompile Include="SGFunctionParameterProtoype.cpp">
      <Filter>Source Files</Filter>
    </ClCompile>
    <ClCompile Include="SGFunctionPrototype.cpp">
      <Filter>Source Files</Filter>
    </ClCompile>
    <ClCompile Include="SGIStatement.cpp">
      <Filter>Source Files</Filter>
    </ClCompile>
    <ClCompile Include="SGIValue.cpp">
      <Filter>Source Files</Filter>
    </ClCompile>
    <ClCompile Include="SGMultiValue.cpp">
      <Filter>Source Files</Filter>
    </ClCompile>
    <ClCompile Include="SGOperation.cpp">
      <Filter>Source Files</Filter>
    </ClCompile>
    <ClCompile Include="SGProgram.cpp">
      <Filter>Source Files</Filter>
    </ClCompile>
    <ClCompile Include="SGProgramGeneratorCG.cpp">
      <Filter>Source Files</Filter>
    </ClCompile>
    <ClCompile Include="SGShaderLibrary.cpp">
      <Filter>Source Files</Filter>
    </ClCompile>
    <ClCompile Include="SGShaderManager.cpp">
      <Filter>Source Files</Filter>
    </ClCompile>
    <ClCompile Include="SGValue.cpp">
      <Filter>Source Files</Filter>
    </ClCompile>
    <ClCompile Include="SGValueStatement.cpp">
      <Filter>Source Files</Filter>
    </ClCompile>
    <ClCompile Include="SGVariable.cpp">
      <Filter>Source Files</Filter>
    </ClCompile>
    <ClCompile Include="SGXMLVisitor.cpp">
      <Filter>Source Files</Filter>
    </ClCompile>
    <ClCompile Include="stdafx.cpp">
      <Filter>Source Files</Filter>
    </ClCompile>
  </ItemGroup>
  <ItemGroup>
    <ClInclude Include="SGCommon.h">
      <Filter>Header Files</Filter>
    </ClInclude>
    <ClInclude Include="SGDefaultFunctions.h">
      <Filter>Header Files</Filter>
    </ClInclude>
    <ClInclude Include="SGDirectValue.h">
      <Filter>Header Files</Filter>
    </ClInclude>
    <ClInclude Include="SGForStatement.h">
      <Filter>Header Files</Filter>
    </ClInclude>
    <ClInclude Include="SGFunction.h">
      <Filter>Header Files</Filter>
    </ClInclude>
    <ClInclude Include="SGFunctionCall.h">
      <Filter>Header Files</Filter>
    </ClInclude>
    <ClInclude Include="SGFunctionParameterProtoype.h">
      <Filter>Header Files</Filter>
    </ClInclude>
    <ClInclude Include="SGFunctionPrototype.h">
      <Filter>Header Files</Filter>
    </ClInclude>
    <ClInclude Include="SGGeneratorUtils.h">
      <Filter>Header Files</Filter>
    </ClInclude>
    <ClInclude Include="SGIProgramGenerator.h">
      <Filter>Header Files</Filter>
    </ClInclude>
    <ClInclude Include="SGIStatement.h">
      <Filter>Header Files</Filter>
    </ClInclude>
    <ClInclude Include="SGIValue.h">
      <Filter>Header Files</Filter>
    </ClInclude>
    <ClInclude Include="SGIVisitor.h">
      <Filter>Header Files</Filter>
    </ClInclude>
    <ClInclude Include="SGMultiValue.h">
      <Filter>Header Files</Filter>
    </ClInclude>
    <ClInclude Include="SGOperation.h">
      <Filter>Header Files</Filter>
    </ClInclude>
    <ClInclude Include="SGProgram.h">
      <Filter>Header Files</Filter>
    </ClInclude>
    <ClInclude Include="SGProgramGeneratorCG.h">
      <Filter>Header Files</Filter>
    </ClInclude>
    <ClInclude Include="SGShaderLibrary.h">
      <Filter>Header Files</Filter>
    </ClInclude>
    <ClInclude Include="SGShaderManager.h">
      <Filter>Header Files</Filter>
    </ClInclude>
    <ClInclude Include="SGValue.h">
      <Filter>Header Files</Filter>
    </ClInclude>
    <ClInclude Include="SGValueStatement.h">
      <Filter>Header Files</Filter>
    </ClInclude>
    <ClInclude Include="SGVariable.h">
      <Filter>Header Files</Filter>
    </ClInclude>
    <ClInclude Include="SGXMLVisitor.h">
      <Filter>Header Files</Filter>
    </ClInclude>
    <ClInclude Include="stdafx.h">
      <Filter>Header Files</Filter>
    </ClInclude>
  </ItemGroup>
  <ItemGroup>
    <None Include="ReadMe.txt" />
  </ItemGroup>
</Project>